
Microsoft Visual Studio Solution File, Format Version 12.00
# Visual Studio 14
VisualStudioVersion = 14.0.25123.0
MinimumVisualStudioVersion = 10.0.40219.1
Project("{FAE04EC0-301F-11D3-BF4B-00C04F79EFBC}") = "TMS", "TMS\TMS.csproj", "{AD5AEB3C-6527-417F-B641-32C2FC3C2122}"
EndProject
Project("{FAE04EC0-301F-11D3-BF4B-00C04F79EFBC}") = "TMSClient", "TMSClient\TMSClient.csproj", "{38BC6C5A-EC9D-4807-9031-EA9900F8DF51}"
EndProject
Global
	GlobalSection(SolutionConfigurationPlatforms) = preSolution
		Debug|Any CPU = Debug|Any CPU
		Release|Any CPU = Release|Any CPU
	EndGlobalSection
	GlobalSection(ProjectConfigurationPlatforms) = postSolution
		{AD5AEB3C-6527-417F-B641-32C2FC3C2122}.Debug|Any CPU.ActiveCfg = Release|Any CPU
		{AD5AEB3C-6527-417F-B641-32C2FC3C2122}.Debug|Any CPU.Build.0 = Release|Any CPU
		{AD5AEB3C-6527-417F-B641-32C2FC3C2122}.Release|Any CPU.ActiveCfg = Release|Any CPU
		{AD5AEB3C-6527-417F-B641-32C2FC3C2122}.Release|Any CPU.Build.0 = Release|Any CPU
		{38BC6C5A-EC9D-4807-9031-EA9900F8DF51}.Debug|Any CPU.ActiveCfg = Debug|Any CPU
		{38BC6C5A-EC9D-4807-9031-EA9900F8DF51}.Debug|Any CPU.Build.0 = Debug|Any CPU
		{38BC6C5A-EC9D-4807-9031-EA9900F8DF51}.Release|Any CPU.ActiveCfg = Release|Any CPU
		{38BC6C5A-EC9D-4807-9031-EA9900F8DF51}.Release|Any CPU.Build.0 = Release|Any CPU
	EndGlobalSection
	GlobalSection(SolutionProperties) = preSolution
		HideSolutionNode = FALSE
	EndGlobalSection
EndGlobal
